{
  "requires": true,
  "lockfileVersion": 1,
  "dependencies": {
    "smooth-scroll": {
      "version": "16.0.3",
      "resolved": "https://registry.npmjs.org/smooth-scroll/-/smooth-scroll-16.0.3.tgz",
      "integrity": "sha512-Wnhk3tWeqVJRrSUxeLQ4r7MNQvc9MNlswyWfKqAQ9cc37D8VqTco/CicWcdHzSFEC4/9/kPPK3uY6oyY+mdRYg=="
    }
  }
}
